
Microsoft Visual Studio Solution File, Format Version 12.00
# Visual Studio Version 17
VisualStudioVersion = 17.11.35208.52
MinimumVisualStudioVersion = 10.0.40219.1
Project("{FAE04EC0-301F-11D3-BF4B-00C04F79EFBC}") = "ImageProcessingActivity", "ImageProcessingActivity\ImageProcessingActivity.csproj", "{AD988142-25C6-465D-8073-EAB19E3E2B8B}"
EndProject
Global
	GlobalSection(SolutionConfigurationPlatforms) = preSolution
		Debug|Any CPU = Debug|Any CPU
		Release|Any CPU = Release|Any CPU
	EndGlobalSection
	GlobalSection(ProjectConfigurationPlatforms) = postSolution
		{AD988142-25C6-465D-8073-EAB19E3E2B8B}.Debug|Any CPU.ActiveCfg = Debug|Any CPU
		{AD988142-25C6-465D-8073-EAB19E3E2B8B}.Debug|Any CPU.Build.0 = Debug|Any CPU
		{AD988142-25C6-465D-8073-EAB19E3E2B8B}.Release|Any CPU.ActiveCfg = Release|Any CPU
		{AD988142-25C6-465D-8073-EAB19E3E2B8B}.Release|Any CPU.Build.0 = Release|Any CPU
	EndGlobalSection
	GlobalSection(SolutionProperties) = preSolution
		HideSolutionNode = FALSE
	EndGlobalSection
	GlobalSection(ExtensibilityGlobals) = postSolution
		SolutionGuid = {D2737015-2DEF-4041-A713-D27BD427832D}
	EndGlobalSection
EndGlobal
